{
  "nodes": {
    "cardano-cli-balance-fixer": {
      "flake": false,
      "locked": {
        "lastModified": 1639695356,
        "narHash": "sha256-niyK6a/gZ6yI4L7jJgJRzhfqvOwgV7GJdQh6QHEGIfw=",
        "owner": "Canonical-LLC",
        "repo": "cardano-cli-balance-fixer",
        "rev": "4a7cee8d9f23c3bc329f86d17eb56923a7a7f26d",
        "type": "github"
      },
      "original": {
        "owner": "Canonical-LLC",
        "repo": "cardano-cli-balance-fixer",
        "type": "github"
      }
    },
    "flake-utils": {
      "locked": {
        "lastModified": 1638122382,
        "narHash": "sha256-sQzZzAbvKEqN9s0bzWuYmRaA03v40gaJ4+iL1LXjaeI=",
        "owner": "numtide",
        "repo": "flake-utils",
        "rev": "74f7e4319258e287b0f9cb95426c9853b282730b",
        "type": "github"
      },
      "original": {
        "owner": "numtide",
        "repo": "flake-utils",
        "type": "github"
      }
    },
    "nixpkgs": {
      "locked": {
        "lastModified": 1640735110,
        "narHash": "sha256-my8ddfdZRHEnfVgvUd/IhmS41wZC6nlN9NFbQGxtRLA=",
        "owner": "NixOS",
        "repo": "nixpkgs",
        "rev": "a0bf6b28dff054b4d95f28ff7e2d7b99b60aa027",
        "type": "github"
      },
      "original": {
        "owner": "NixOS",
        "repo": "nixpkgs",
        "type": "github"
      }
    },
    "plutus-apps": {
      "flake": false,
      "locked": {
        "lastModified": 1640661143,
        "narHash": "sha256-hu5BhNxMQikF98WuRGzWr5aNL1QUTPhEfN4Rf7FNL30=",
        "owner": "Canonical-LLC",
        "repo": "plutus-apps",
        "rev": "2503ea174c9e343cb660ffba150b029bff99d50d",
        "type": "github"
      },
      "original": {
        "owner": "Canonical-LLC",
        "ref": "ghc8.10.7",
        "repo": "plutus-apps",
        "type": "github"
      }
    },
    "root": {
      "inputs": {
        "cardano-cli-balance-fixer": "cardano-cli-balance-fixer",
        "flake-utils": "flake-utils",
        "nixpkgs": "nixpkgs",
        "plutus-apps": "plutus-apps"
      }
    }
  },
  "root": "root",
  "version": 7
}
